
Microsoft Visual Studio Solution File, Format Version 12.00
# Visual Studio 15
VisualStudioVersion = 15.0.27130.2010
MinimumVisualStudioVersion = 10.0.40219.1
Project("{8BC9CEB8-8B4A-11D0-8D11-00A0C91BC942}") = "NeuralNetworkEigen", "NeuralNetworkEigen\NeuralNetworkEigen.vcxproj", "{517626D2-0B57-4254-B33C-7E3AE18D2B67}"
EndProject
Global
	GlobalSection(SolutionConfigurationPlatforms) = preSolution
		Debug|x64 = Debug|x64
		Debug|x86 = Debug|x86
		Release|x64 = Release|x64
		Release|x86 = Release|x86
	EndGlobalSection
	GlobalSection(ProjectConfigurationPlatforms) = postSolution
		{517626D2-0B57-4254-B33C-7E3AE18D2B67}.Debug|x64.ActiveCfg = Debug|x64
		{517626D2-0B57-4254-B33C-7E3AE18D2B67}.Debug|x64.Build.0 = Debug|x64
		{517626D2-0B57-4254-B33C-7E3AE18D2B67}.Debug|x86.ActiveCfg = Debug|Win32
		{517626D2-0B57-4254-B33C-7E3AE18D2B67}.Debug|x86.Build.0 = Debug|Win32
		{517626D2-0B57-4254-B33C-7E3AE18D2B67}.Release|x64.ActiveCfg = Release|x64
		{517626D2-0B57-4254-B33C-7E3AE18D2B67}.Release|x64.Build.0 = Release|x64
		{517626D2-0B57-4254-B33C-7E3AE18D2B67}.Release|x86.ActiveCfg = Release|Win32
		{517626D2-0B57-4254-B33C-7E3AE18D2B67}.Release|x86.Build.0 = Release|Win32
	EndGlobalSection
	GlobalSection(SolutionProperties) = preSolution
		HideSolutionNode = FALSE
	EndGlobalSection
	GlobalSection(ExtensibilityGlobals) = postSolution
		SolutionGuid = {F911D515-9BAC-4313-BD80-D1F673A7D51F}
	EndGlobalSection
EndGlobal
